
Microsoft Visual Studio Solution File, Format Version 12.00
# Visual Studio Version 16
VisualStudioVersion = 16.0.29609.76
MinimumVisualStudioVersion = 10.0.40219.1
Project("{FAE04EC0-301F-11D3-BF4B-00C04F79EFBC}") = "Frameduck.Core", "Frameduck.Core\Frameduck.Core.csproj", "{7E2C012C-F197-44E2-AA9A-41694C84FE54}"
EndProject
Project("{FAE04EC0-301F-11D3-BF4B-00C04F79EFBC}") = "Frameduck.Utils", "Frameduck.Utils\Frameduck.Utils.csproj", "{FE68850E-AADD-44F0-9E32-058747742193}"
EndProject
Project("{9A19103F-16F7-4668-BE54-9A1E7A4F7556}") = "Frameduck.WebApi", "Frameduck.WebApi\Frameduck.WebApi.csproj", "{402BB8F5-4D47-4FDF-8B5A-8124D6AAF469}"
EndProject
Global
	GlobalSection(SolutionConfigurationPlatforms) = preSolution
		Debug|Any CPU = Debug|Any CPU
		Release|Any CPU = Release|Any CPU
	EndGlobalSection
	GlobalSection(ProjectConfigurationPlatforms) = postSolution
		{7E2C012C-F197-44E2-AA9A-41694C84FE54}.Debug|Any CPU.ActiveCfg = Debug|Any CPU
		{7E2C012C-F197-44E2-AA9A-41694C84FE54}.Debug|Any CPU.Build.0 = Debug|Any CPU
		{7E2C012C-F197-44E2-AA9A-41694C84FE54}.Release|Any CPU.ActiveCfg = Release|Any CPU
		{7E2C012C-F197-44E2-AA9A-41694C84FE54}.Release|Any CPU.Build.0 = Release|Any CPU
		{FE68850E-AADD-44F0-9E32-058747742193}.Debug|Any CPU.ActiveCfg = Debug|Any CPU
		{FE68850E-AADD-44F0-9E32-058747742193}.Debug|Any CPU.Build.0 = Debug|Any CPU
		{FE68850E-AADD-44F0-9E32-058747742193}.Release|Any CPU.ActiveCfg = Release|Any CPU
		{FE68850E-AADD-44F0-9E32-058747742193}.Release|Any CPU.Build.0 = Release|Any CPU
		{402BB8F5-4D47-4FDF-8B5A-8124D6AAF469}.Debug|Any CPU.ActiveCfg = Debug|Any CPU
		{402BB8F5-4D47-4FDF-8B5A-8124D6AAF469}.Debug|Any CPU.Build.0 = Debug|Any CPU
		{402BB8F5-4D47-4FDF-8B5A-8124D6AAF469}.Release|Any CPU.ActiveCfg = Release|Any CPU
		{402BB8F5-4D47-4FDF-8B5A-8124D6AAF469}.Release|Any CPU.Build.0 = Release|Any CPU
	EndGlobalSection
	GlobalSection(SolutionProperties) = preSolution
		HideSolutionNode = FALSE
	EndGlobalSection
	GlobalSection(ExtensibilityGlobals) = postSolution
		SolutionGuid = {85F58DB9-48CB-417A-BB17-D17CC608AE35}
	EndGlobalSection
EndGlobal
