
Microsoft Visual Studio Solution File, Format Version 12.00
# Visual Studio Version 17
VisualStudioVersion = 17.2.32616.157
MinimumVisualStudioVersion = 10.0.40219.1
Project("{FAE04EC0-301F-11D3-BF4B-00C04F79EFBC}") = "Clicker.Api", "Clicker.Api\Clicker.Api.csproj", "{FB5CD63E-55E0-4957-AD98-25DA871B33E6}"
EndProject
Global
	GlobalSection(SolutionConfigurationPlatforms) = preSolution
		Debug|Any CPU = Debug|Any CPU
		Release|Any CPU = Release|Any CPU
	EndGlobalSection
	GlobalSection(ProjectConfigurationPlatforms) = postSolution
		{FB5CD63E-55E0-4957-AD98-25DA871B33E6}.Debug|Any CPU.ActiveCfg = Debug|Any CPU
		{FB5CD63E-55E0-4957-AD98-25DA871B33E6}.Debug|Any CPU.Build.0 = Debug|Any CPU
		{FB5CD63E-55E0-4957-AD98-25DA871B33E6}.Release|Any CPU.ActiveCfg = Release|Any CPU
		{FB5CD63E-55E0-4957-AD98-25DA871B33E6}.Release|Any CPU.Build.0 = Release|Any CPU
	EndGlobalSection
	GlobalSection(SolutionProperties) = preSolution
		HideSolutionNode = FALSE
	EndGlobalSection
	GlobalSection(ExtensibilityGlobals) = postSolution
		SolutionGuid = {36E5DF83-E5B2-4974-B6ED-8E742D0039B7}
	EndGlobalSection
EndGlobal
